<?xml version="1.0" encoding="utf-8"?>
<Project ToolsVersion="12.0" xmlns="http://schemas.microsoft.com/developer/msbuild/2003">
  <ItemGroup>
    <ClInclude Include="..\include\SDL_image.h">
      <Filter>Public Headers</Filter>
    </ClInclude>
  </ItemGroup>
  <ItemGroup>
    <Filter Include="Sources">
      <UniqueIdentifier>{e074d5df-046d-48ae-b45a-f472f0bdd965}</UniqueIdentifier>
    </Filter>
    <Filter Include="Public Headers">
      <UniqueIdentifier>{9c43d0b0-edae-4dea-bb19-5bd7972e58bc}</UniqueIdentifier>
    </Filter>
  </ItemGroup>
  <ItemGroup>
    <ClCompile Include="..\src\IMG.c">
      <Filter>Sources</Filter>
    </ClCompile>
    <ClCompile Include="..\src\IMG_avif.c">
      <Filter>Sources</Filter>
    </ClCompile>
    <ClCompile Include="..\src\IMG_bmp.c">
      <Filter>Sources</Filter>
    </ClCompile>
    <ClCompile Include="..\src\IMG_gif.c">
      <Filter>Sources</Filter>
    </ClCompile>
    <ClCompile Include="..\src\IMG_jpg.c">
      <Filter>Sources</Filter>
    </ClCompile>
    <ClCompile Include="..\src\IMG_jxl.c">
      <Filter>Sources</Filter>
    </ClCompile>
    <ClCompile Include="..\src\IMG_lbm.c">
      <Filter>Sources</Filter>
    </ClCompile>
    <ClCompile Include="..\src\IMG_pcx.c">
      <Filter>Sources</Filter>
    </ClCompile>
    <ClCompile Include="..\src\IMG_png.c">
      <Filter>Sources</Filter>
    </ClCompile>
    <ClCompile Include="..\src\IMG_pnm.c">
      <Filter>Sources</Filter>
    </ClCompile>
    <ClCompile Include="..\src\IMG_qoi.c">
      <Filter>Sources</Filter>
    </ClCompile>
    <ClCompile Include="..\src\IMG_stb.c">
      <Filter>Sources</Filter>
    </ClCompile>
    <ClCompile Include="..\src\IMG_svg.c">
      <Filter>Sources</Filter>
    </ClCompile>
    <ClCompile Include="..\src\IMG_tga.c">
      <Filter>Sources</Filter>
    </ClCompile>
    <ClCompile Include="..\src\IMG_tif.c">
      <Filter>Sources</Filter>
    </ClCompile>
    <ClCompile Include="..\src\IMG_webp.c">
      <Filter>Sources</Filter>
    </ClCompile>
    <ClCompile Include="..\src\IMG_WIC.c">
      <Filter>Sources</Filter>
    </ClCompile>
    <ClCompile Include="..\src\IMG_xcf.c">
      <Filter>Sources</Filter>
    </ClCompile>
    <ClCompile Include="..\src\IMG_xpm.c">
      <Filter>Sources</Filter>
    </ClCompile>
    <ClCompile Include="..\src\IMG_xv.c">
      <Filter>Sources</Filter>
    </ClCompile>
  </ItemGroup>
</Project>
